
Microsoft Visual Studio Solution File, Format Version 12.00
# Visual Studio 15
VisualStudioVersion = 15.0.26124.0
MinimumVisualStudioVersion = 15.0.26124.0
Project("{FAE04EC0-301F-11D3-BF4B-00C04F79EFBC}") = "Bll", "Bll\Bll.csproj", "{5E8F2C28-46B0-4B42-8D49-23D2CA47B0C4}"
EndProject
Project("{FAE04EC0-301F-11D3-BF4B-00C04F79EFBC}") = "Model", "Model\Model.csproj", "{91BBD2FC-C1DA-4B74-ABB9-95CF97EE7E82}"
EndProject
Project("{FAE04EC0-301F-11D3-BF4B-00C04F79EFBC}") = "Web", "Web\Web.csproj", "{DCB2C480-ED27-47B9-B51C-F864D85EA86C}"
EndProject
Global
	GlobalSection(SolutionConfigurationPlatforms) = preSolution
		Debug|Any CPU = Debug|Any CPU
		Debug|x64 = Debug|x64
		Debug|x86 = Debug|x86
		Release|Any CPU = Release|Any CPU
		Release|x64 = Release|x64
		Release|x86 = Release|x86
	EndGlobalSection
	GlobalSection(SolutionProperties) = preSolution
		HideSolutionNode = FALSE
	EndGlobalSection
	GlobalSection(ProjectConfigurationPlatforms) = postSolution
		{5E8F2C28-46B0-4B42-8D49-23D2CA47B0C4}.Debug|Any CPU.ActiveCfg = Debug|Any CPU
		{5E8F2C28-46B0-4B42-8D49-23D2CA47B0C4}.Debug|Any CPU.Build.0 = Debug|Any CPU
		{5E8F2C28-46B0-4B42-8D49-23D2CA47B0C4}.Debug|x64.ActiveCfg = Debug|x64
		{5E8F2C28-46B0-4B42-8D49-23D2CA47B0C4}.Debug|x64.Build.0 = Debug|x64
		{5E8F2C28-46B0-4B42-8D49-23D2CA47B0C4}.Debug|x86.ActiveCfg = Debug|x86
		{5E8F2C28-46B0-4B42-8D49-23D2CA47B0C4}.Debug|x86.Build.0 = Debug|x86
		{5E8F2C28-46B0-4B42-8D49-23D2CA47B0C4}.Release|Any CPU.ActiveCfg = Release|Any CPU
		{5E8F2C28-46B0-4B42-8D49-23D2CA47B0C4}.Release|Any CPU.Build.0 = Release|Any CPU
		{5E8F2C28-46B0-4B42-8D49-23D2CA47B0C4}.Release|x64.ActiveCfg = Release|x64
		{5E8F2C28-46B0-4B42-8D49-23D2CA47B0C4}.Release|x64.Build.0 = Release|x64
		{5E8F2C28-46B0-4B42-8D49-23D2CA47B0C4}.Release|x86.ActiveCfg = Release|x86
		{5E8F2C28-46B0-4B42-8D49-23D2CA47B0C4}.Release|x86.Build.0 = Release|x86
		{91BBD2FC-C1DA-4B74-ABB9-95CF97EE7E82}.Debug|Any CPU.ActiveCfg = Debug|Any CPU
		{91BBD2FC-C1DA-4B74-ABB9-95CF97EE7E82}.Debug|Any CPU.Build.0 = Debug|Any CPU
		{91BBD2FC-C1DA-4B74-ABB9-95CF97EE7E82}.Debug|x64.ActiveCfg = Debug|x64
		{91BBD2FC-C1DA-4B74-ABB9-95CF97EE7E82}.Debug|x64.Build.0 = Debug|x64
		{91BBD2FC-C1DA-4B74-ABB9-95CF97EE7E82}.Debug|x86.ActiveCfg = Debug|x86
		{91BBD2FC-C1DA-4B74-ABB9-95CF97EE7E82}.Debug|x86.Build.0 = Debug|x86
		{91BBD2FC-C1DA-4B74-ABB9-95CF97EE7E82}.Release|Any CPU.ActiveCfg = Release|Any CPU
		{91BBD2FC-C1DA-4B74-ABB9-95CF97EE7E82}.Release|Any CPU.Build.0 = Release|Any CPU
		{91BBD2FC-C1DA-4B74-ABB9-95CF97EE7E82}.Release|x64.ActiveCfg = Release|x64
		{91BBD2FC-C1DA-4B74-ABB9-95CF97EE7E82}.Release|x64.Build.0 = Release|x64
		{91BBD2FC-C1DA-4B74-ABB9-95CF97EE7E82}.Release|x86.ActiveCfg = Release|x86
		{91BBD2FC-C1DA-4B74-ABB9-95CF97EE7E82}.Release|x86.Build.0 = Release|x86
		{DCB2C480-ED27-47B9-B51C-F864D85EA86C}.Debug|Any CPU.ActiveCfg = Debug|Any CPU
		{DCB2C480-ED27-47B9-B51C-F864D85EA86C}.Debug|Any CPU.Build.0 = Debug|Any CPU
		{DCB2C480-ED27-47B9-B51C-F864D85EA86C}.Debug|x64.ActiveCfg = Debug|x64
		{DCB2C480-ED27-47B9-B51C-F864D85EA86C}.Debug|x64.Build.0 = Debug|x64
		{DCB2C480-ED27-47B9-B51C-F864D85EA86C}.Debug|x86.ActiveCfg = Debug|x86
		{DCB2C480-ED27-47B9-B51C-F864D85EA86C}.Debug|x86.Build.0 = Debug|x86
		{DCB2C480-ED27-47B9-B51C-F864D85EA86C}.Release|Any CPU.ActiveCfg = Release|Any CPU
		{DCB2C480-ED27-47B9-B51C-F864D85EA86C}.Release|Any CPU.Build.0 = Release|Any CPU
		{DCB2C480-ED27-47B9-B51C-F864D85EA86C}.Release|x64.ActiveCfg = Release|x64
		{DCB2C480-ED27-47B9-B51C-F864D85EA86C}.Release|x64.Build.0 = Release|x64
		{DCB2C480-ED27-47B9-B51C-F864D85EA86C}.Release|x86.ActiveCfg = Release|x86
		{DCB2C480-ED27-47B9-B51C-F864D85EA86C}.Release|x86.Build.0 = Release|x86
	EndGlobalSection
EndGlobal
